// !$*UTF8*$!
{
	archiveVersion = 1;
	classes = {
	};
	objectVersion = 55;
	objects = {

/* Begin PBXBuildFile section */
		EF4E4A2C2841048A003ACFB6 /* Sales_data.cpp in Sources */ = {isa = PBXBuildFile; fileRef = EF4E4A2A2841048A003ACFB6 /* Sales_data.cpp */; };
		EF4E4A2F28411448003ACFB6 /* Person.cpp in Sources */ = {isa = PBXBuildFile; fileRef = EF4E4A2D28411448003ACFB6 /* Person.cpp */; };
		EF89C4DD2848B74E003B553B /* TextQuery.cpp in Sources */ = {isa = PBXBuildFile; fileRef = EF89C4DB2848B74E003B553B /* TextQuery.cpp */; };
		EF89C4E02848B89C003B553B /* QueryResult.cpp in Sources */ = {isa = PBXBuildFile; fileRef = EF89C4DE2848B89C003B553B /* QueryResult.cpp */; };
		EF89C4E32849E953003B553B /* X.cpp in Sources */ = {isa = PBXBuildFile; fileRef = EF89C4E12849E953003B553B /* X.cpp */; };
		EF89C4E62849F4FE003B553B /* Employee.cpp in Sources */ = {isa = PBXBuildFile; fileRef = EF89C4E42849F4FE003B553B /* Employee.cpp */; };
		EF89C4E92849FDBA003B553B /* HasPtr.cpp in Sources */ = {isa = PBXBuildFile; fileRef = EF89C4E72849FDBA003B553B /* HasPtr.cpp */; };
		EF89C4EC284A042B003B553B /* HasPtr1.cpp in Sources */ = {isa = PBXBuildFile; fileRef = EF89C4EA284A042B003B553B /* HasPtr1.cpp */; };
		EF89C4EF284B3DFA003B553B /* Message.cpp in Sources */ = {isa = PBXBuildFile; fileRef = EF89C4ED284B3DFA003B553B /* Message.cpp */; };
		EF89C4F2284B4D3C003B553B /* Folder.cpp in Sources */ = {isa = PBXBuildFile; fileRef = EF89C4F0284B4D3B003B553B /* Folder.cpp */; };
		EF965385283A17DF00051376 /* main.cpp in Sources */ = {isa = PBXBuildFile; fileRef = EF965384283A17DF00051376 /* main.cpp */; };
		EFC8EE3C284B675100BA4312 /* StrVec.cpp in Sources */ = {isa = PBXBuildFile; fileRef = EFC8EE3A284B675100BA4312 /* StrVec.cpp */; };
		EFF4FF132842525C00FC537C /* Screen.cpp in Sources */ = {isa = PBXBuildFile; fileRef = EFF4FF112842525C00FC537C /* Screen.cpp */; };
		EFF4FF16284257BF00FC537C /* Window_mgr.cpp in Sources */ = {isa = PBXBuildFile; fileRef = EFF4FF14284257BF00FC537C /* Window_mgr.cpp */; };
		EFF4FF192842758500FC537C /* ConstRef.cpp in Sources */ = {isa = PBXBuildFile; fileRef = EFF4FF172842758500FC537C /* ConstRef.cpp */; };
		EFF4FF1C28427AD300FC537C /* NoDefault.cpp in Sources */ = {isa = PBXBuildFile; fileRef = EFF4FF1A28427AD300FC537C /* NoDefault.cpp */; };
		EFF4FF1F28427B1800FC537C /* C.cpp in Sources */ = {isa = PBXBuildFile; fileRef = EFF4FF1D28427B1800FC537C /* C.cpp */; };
		EFF4FF22284286EB00FC537C /* Account.cpp in Sources */ = {isa = PBXBuildFile; fileRef = EFF4FF20284286EB00FC537C /* Account.cpp */; };
		EFF4FF252844985300FC537C /* StrBlob.cpp in Sources */ = {isa = PBXBuildFile; fileRef = EFF4FF232844985300FC537C /* StrBlob.cpp */; };
		EFF4FF2B284611F900FC537C /* StrBlobPtr.cpp in Sources */ = {isa = PBXBuildFile; fileRef = EFF4FF2A284611F900FC537C /* StrBlobPtr.cpp */; };
/* End PBXBuildFile section */

/* Begin PBXCopyFilesBuildPhase section */
		EF96537F283A17DF00051376 /* CopyFiles */ = {
			isa = PBXCopyFilesBuildPhase;
			buildActionMask = 2147483647;
			dstPath = /usr/share/man/man1/;
			dstSubfolderSpec = 0;
			files = (
			);
			runOnlyForDeploymentPostprocessing = 1;
		};
/* End PBXCopyFilesBuildPhase section */

/* Begin PBXFileReference section */
		EF4E4A2A2841048A003ACFB6 /* Sales_data.cpp */ = {isa = PBXFileReference; lastKnownFileType = sourcecode.cpp.cpp; path = Sales_data.cpp; sourceTree = "<group>"; };
		EF4E4A2B2841048A003ACFB6 /* Sales_data.hpp */ = {isa = PBXFileReference; lastKnownFileType = sourcecode.cpp.h; path = Sales_data.hpp; sourceTree = "<group>"; };
		EF4E4A2D28411448003ACFB6 /* Person.cpp */ = {isa = PBXFileReference; lastKnownFileType = sourcecode.cpp.cpp; path = Person.cpp; sourceTree = "<group>"; };
		EF4E4A2E28411448003ACFB6 /* Person.hpp */ = {isa = PBXFileReference; lastKnownFileType = sourcecode.cpp.h; path = Person.hpp; sourceTree = "<group>"; };
		EF89C4DB2848B74E003B553B /* TextQuery.cpp */ = {isa = PBXFileReference; lastKnownFileType = sourcecode.cpp.cpp; path = TextQuery.cpp; sourceTree = "<group>"; };
		EF89C4DC2848B74E003B553B /* TextQuery.hpp */ = {isa = PBXFileReference; lastKnownFileType = sourcecode.cpp.h; path = TextQuery.hpp; sourceTree = "<group>"; };
		EF89C4DE2848B89C003B553B /* QueryResult.cpp */ = {isa = PBXFileReference; lastKnownFileType = sourcecode.cpp.cpp; path = QueryResult.cpp; sourceTree = "<group>"; };
		EF89C4DF2848B89C003B553B /* QueryResult.hpp */ = {isa = PBXFileReference; lastKnownFileType = sourcecode.cpp.h; path = QueryResult.hpp; sourceTree = "<group>"; };
		EF89C4E12849E953003B553B /* X.cpp */ = {isa = PBXFileReference; lastKnownFileType = sourcecode.cpp.cpp; path = X.cpp; sourceTree = "<group>"; };
		EF89C4E22849E953003B553B /* X.hpp */ = {isa = PBXFileReference; lastKnownFileType = sourcecode.cpp.h; path = X.hpp; sourceTree = "<group>"; };
		EF89C4E42849F4FE003B553B /* Employee.cpp */ = {isa = PBXFileReference; lastKnownFileType = sourcecode.cpp.cpp; path = Employee.cpp; sourceTree = "<group>"; };
		EF89C4E52849F4FE003B553B /* Employee.hpp */ = {isa = PBXFileReference; lastKnownFileType = sourcecode.cpp.h; path = Employee.hpp; sourceTree = "<group>"; };
		EF89C4E72849FDBA003B553B /* HasPtr.cpp */ = {isa = PBXFileReference; lastKnownFileType = sourcecode.cpp.cpp; path = HasPtr.cpp; sourceTree = "<group>"; };
		EF89C4E82849FDBA003B553B /* HasPtr.hpp */ = {isa = PBXFileReference; lastKnownFileType = sourcecode.cpp.h; path = HasPtr.hpp; sourceTree = "<group>"; };
		EF89C4EA284A042B003B553B /* HasPtr1.cpp */ = {isa = PBXFileReference; lastKnownFileType = sourcecode.cpp.cpp; path = HasPtr1.cpp; sourceTree = "<group>"; };
		EF89C4EB284A042B003B553B /* HasPtr1.hpp */ = {isa = PBXFileReference; lastKnownFileType = sourcecode.cpp.h; path = HasPtr1.hpp; sourceTree = "<group>"; };
		EF89C4ED284B3DFA003B553B /* Message.cpp */ = {isa = PBXFileReference; lastKnownFileType = sourcecode.cpp.cpp; path = Message.cpp; sourceTree = "<group>"; };
		EF89C4EE284B3DFA003B553B /* Message.hpp */ = {isa = PBXFileReference; lastKnownFileType = sourcecode.cpp.h; path = Message.hpp; sourceTree = "<group>"; };
		EF89C4F0284B4D3B003B553B /* Folder.cpp */ = {isa = PBXFileReference; lastKnownFileType = sourcecode.cpp.cpp; path = Folder.cpp; sourceTree = "<group>"; };
		EF89C4F1284B4D3B003B553B /* Folder.hpp */ = {isa = PBXFileReference; lastKnownFileType = sourcecode.cpp.h; path = Folder.hpp; sourceTree = "<group>"; };
		EF965381283A17DF00051376 /* cpp_primer */ = {isa = PBXFileReference; explicitFileType = "compiled.mach-o.executable"; includeInIndex = 0; path = cpp_primer; sourceTree = BUILT_PRODUCTS_DIR; };
		EF965384283A17DF00051376 /* main.cpp */ = {isa = PBXFileReference; lastKnownFileType = sourcecode.cpp.cpp; path = main.cpp; sourceTree = "<group>"; };
		EFC8EE3A284B675100BA4312 /* StrVec.cpp */ = {isa = PBXFileReference; lastKnownFileType = sourcecode.cpp.cpp; path = StrVec.cpp; sourceTree = "<group>"; };
		EFC8EE3B284B675100BA4312 /* StrVec.hpp */ = {isa = PBXFileReference; lastKnownFileType = sourcecode.cpp.h; path = StrVec.hpp; sourceTree = "<group>"; };
		EFF4FF112842525C00FC537C /* Screen.cpp */ = {isa = PBXFileReference; lastKnownFileType = sourcecode.cpp.cpp; path = Screen.cpp; sourceTree = "<group>"; };
		EFF4FF122842525C00FC537C /* Screen.hpp */ = {isa = PBXFileReference; lastKnownFileType = sourcecode.cpp.h; path = Screen.hpp; sourceTree = "<group>"; };
		EFF4FF14284257BF00FC537C /* Window_mgr.cpp */ = {isa = PBXFileReference; lastKnownFileType = sourcecode.cpp.cpp; path = Window_mgr.cpp; sourceTree = "<group>"; };
		EFF4FF15284257BF00FC537C /* Window_mgr.hpp */ = {isa = PBXFileReference; lastKnownFileType = sourcecode.cpp.h; path = Window_mgr.hpp; sourceTree = "<group>"; };
		EFF4FF172842758500FC537C /* ConstRef.cpp */ = {isa = PBXFileReference; lastKnownFileType = sourcecode.cpp.cpp; path = ConstRef.cpp; sourceTree = "<group>"; };
		EFF4FF182842758500FC537C /* ConstRef.hpp */ = {isa = PBXFileReference; lastKnownFileType = sourcecode.cpp.h; path = ConstRef.hpp; sourceTree = "<group>"; };
		EFF4FF1A28427AD300FC537C /* NoDefault.cpp */ = {isa = PBXFileReference; lastKnownFileType = sourcecode.cpp.cpp; path = NoDefault.cpp; sourceTree = "<group>"; };
		EFF4FF1B28427AD300FC537C /* NoDefault.hpp */ = {isa = PBXFileReference; lastKnownFileType = sourcecode.cpp.h; path = NoDefault.hpp; sourceTree = "<group>"; };
		EFF4FF1D28427B1800FC537C /* C.cpp */ = {isa = PBXFileReference; lastKnownFileType = sourcecode.cpp.cpp; path = C.cpp; sourceTree = "<group>"; };
		EFF4FF1E28427B1800FC537C /* C.hpp */ = {isa = PBXFileReference; lastKnownFileType = sourcecode.cpp.h; path = C.hpp; sourceTree = "<group>"; };
		EFF4FF20284286EB00FC537C /* Account.cpp */ = {isa = PBXFileReference; lastKnownFileType = sourcecode.cpp.cpp; path = Account.cpp; sourceTree = "<group>"; };
		EFF4FF21284286EB00FC537C /* Account.hpp */ = {isa = PBXFileReference; lastKnownFileType = sourcecode.cpp.h; path = Account.hpp; sourceTree = "<group>"; };
		EFF4FF232844985300FC537C /* StrBlob.cpp */ = {isa = PBXFileReference; lastKnownFileType = sourcecode.cpp.cpp; path = StrBlob.cpp; sourceTree = "<group>"; };
		EFF4FF242844985300FC537C /* StrBlob.hpp */ = {isa = PBXFileReference; lastKnownFileType = sourcecode.cpp.h; path = StrBlob.hpp; sourceTree = "<group>"; };
		EFF4FF29284611F900FC537C /* StrBlobPtr.hpp */ = {isa = PBXFileReference; fileEncoding = 4; lastKnownFileType = sourcecode.cpp.h; path = StrBlobPtr.hpp; sourceTree = "<group>"; };
		EFF4FF2A284611F900FC537C /* StrBlobPtr.cpp */ = {isa = PBXFileReference; fileEncoding = 4; lastKnownFileType = sourcecode.cpp.cpp; path = StrBlobPtr.cpp; sourceTree = "<group>"; };
/* End PBXFileReference section */

/* Begin PBXFrameworksBuildPhase section */
		EF96537E283A17DF00051376 /* Frameworks */ = {
			isa = PBXFrameworksBuildPhase;
			buildActionMask = 2147483647;
			files = (
			);
			runOnlyForDeploymentPostprocessing = 0;
		};
/* End PBXFrameworksBuildPhase section */

/* Begin PBXGroup section */
		EF965378283A17DF00051376 = {
			isa = PBXGroup;
			children = (
				EF965383283A17DF00051376 /* cpp_primer */,
				EF965382283A17DF00051376 /* Products */,
			);
			sourceTree = "<group>";
		};
		EF965382283A17DF00051376 /* Products */ = {
			isa = PBXGroup;
			children = (
				EF965381283A17DF00051376 /* cpp_primer */,
			);
			name = Products;
			sourceTree = "<group>";
		};
		EF965383283A17DF00051376 /* cpp_primer */ = {
			isa = PBXGroup;
			children = (
				EF965384283A17DF00051376 /* main.cpp */,
				EF4E4A2A2841048A003ACFB6 /* Sales_data.cpp */,
				EF4E4A2B2841048A003ACFB6 /* Sales_data.hpp */,
				EF4E4A2D28411448003ACFB6 /* Person.cpp */,
				EF4E4A2E28411448003ACFB6 /* Person.hpp */,
				EFF4FF112842525C00FC537C /* Screen.cpp */,
				EFF4FF122842525C00FC537C /* Screen.hpp */,
				EFF4FF14284257BF00FC537C /* Window_mgr.cpp */,
				EFF4FF15284257BF00FC537C /* Window_mgr.hpp */,
				EFF4FF172842758500FC537C /* ConstRef.cpp */,
				EFF4FF182842758500FC537C /* ConstRef.hpp */,
				EFF4FF1A28427AD300FC537C /* NoDefault.cpp */,
				EFF4FF1B28427AD300FC537C /* NoDefault.hpp */,
				EFF4FF1D28427B1800FC537C /* C.cpp */,
				EFF4FF1E28427B1800FC537C /* C.hpp */,
				EFF4FF20284286EB00FC537C /* Account.cpp */,
				EFF4FF21284286EB00FC537C /* Account.hpp */,
				EFF4FF232844985300FC537C /* StrBlob.cpp */,
				EFF4FF242844985300FC537C /* StrBlob.hpp */,
				EFF4FF2A284611F900FC537C /* StrBlobPtr.cpp */,
				EFF4FF29284611F900FC537C /* StrBlobPtr.hpp */,
				EF89C4DB2848B74E003B553B /* TextQuery.cpp */,
				EF89C4DC2848B74E003B553B /* TextQuery.hpp */,
				EF89C4DE2848B89C003B553B /* QueryResult.cpp */,
				EF89C4DF2848B89C003B553B /* QueryResult.hpp */,
				EF89C4E12849E953003B553B /* X.cpp */,
				EF89C4E22849E953003B553B /* X.hpp */,
				EF89C4E42849F4FE003B553B /* Employee.cpp */,
				EF89C4E52849F4FE003B553B /* Employee.hpp */,
				EF89C4E72849FDBA003B553B /* HasPtr.cpp */,
				EF89C4E82849FDBA003B553B /* HasPtr.hpp */,
				EF89C4EA284A042B003B553B /* HasPtr1.cpp */,
				EF89C4EB284A042B003B553B /* HasPtr1.hpp */,
				EF89C4ED284B3DFA003B553B /* Message.cpp */,
				EF89C4EE284B3DFA003B553B /* Message.hpp */,
				EF89C4F0284B4D3B003B553B /* Folder.cpp */,
				EF89C4F1284B4D3B003B553B /* Folder.hpp */,
				EFC8EE3A284B675100BA4312 /* StrVec.cpp */,
				EFC8EE3B284B675100BA4312 /* StrVec.hpp */,
			);
			path = cpp_primer;
			sourceTree = "<group>";
		};
/* End PBXGroup section */

/* Begin PBXNativeTarget section */
		EF965380283A17DF00051376 /* cpp_primer */ = {
			isa = PBXNativeTarget;
			buildConfigurationList = EF965388283A17DF00051376 /* Build configuration list for PBXNativeTarget "cpp_primer" */;
			buildPhases = (
				EF96537D283A17DF00051376 /* Sources */,
				EF96537E283A17DF00051376 /* Frameworks */,
				EF96537F283A17DF00051376 /* CopyFiles */,
			);
			buildRules = (
			);
			dependencies = (
			);
			name = cpp_primer;
			productName = cpp_primer;
			productReference = EF965381283A17DF00051376 /* cpp_primer */;
			productType = "com.apple.product-type.tool";
		};
/* End PBXNativeTarget section */

/* Begin PBXProject section */
		EF965379283A17DF00051376 /* Project object */ = {
			isa = PBXProject;
			attributes = {
				BuildIndependentTargetsInParallel = 1;
				LastUpgradeCheck = 1320;
				TargetAttributes = {
					EF965380283A17DF00051376 = {
						CreatedOnToolsVersion = 13.2.1;
					};
				};
			};
			buildConfigurationList = EF96537C283A17DF00051376 /* Build configuration list for PBXProject "cpp_primer" */;
			compatibilityVersion = "Xcode 13.0";
			developmentRegion = en;
			hasScannedForEncodings = 0;
			knownRegions = (
				en,
				Base,
			);
			mainGroup = EF965378283A17DF00051376;
			productRefGroup = EF965382283A17DF00051376 /* Products */;
			projectDirPath = "";
			projectRoot = "";
			targets = (
				EF965380283A17DF00051376 /* cpp_primer */,
			);
		};
/* End PBXProject section */

/* Begin PBXSourcesBuildPhase section */
		EF96537D283A17DF00051376 /* Sources */ = {
			isa = PBXSourcesBuildPhase;
			buildActionMask = 2147483647;
			files = (
				EF89C4E32849E953003B553B /* X.cpp in Sources */,
				EF4E4A2C2841048A003ACFB6 /* Sales_data.cpp in Sources */,
				EFC8EE3C284B675100BA4312 /* StrVec.cpp in Sources */,
				EF89C4DD2848B74E003B553B /* TextQuery.cpp in Sources */,
				EFF4FF1F28427B1800FC537C /* C.cpp in Sources */,
				EFF4FF16284257BF00FC537C /* Window_mgr.cpp in Sources */,
				EF89C4E62849F4FE003B553B /* Employee.cpp in Sources */,
				EFF4FF2B284611F900FC537C /* StrBlobPtr.cpp in Sources */,
				EF4E4A2F28411448003ACFB6 /* Person.cpp in Sources */,
				EFF4FF252844985300FC537C /* StrBlob.cpp in Sources */,
				EF89C4F2284B4D3C003B553B /* Folder.cpp in Sources */,
				EFF4FF22284286EB00FC537C /* Account.cpp in Sources */,
				EF89C4EC284A042B003B553B /* HasPtr1.cpp in Sources */,
				EF89C4E02848B89C003B553B /* QueryResult.cpp in Sources */,
				EFF4FF1C28427AD300FC537C /* NoDefault.cpp in Sources */,
				EF965385283A17DF00051376 /* main.cpp in Sources */,
				EF89C4E92849FDBA003B553B /* HasPtr.cpp in Sources */,
				EFF4FF132842525C00FC537C /* Screen.cpp in Sources */,
				EFF4FF192842758500FC537C /* ConstRef.cpp in Sources */,
				EF89C4EF284B3DFA003B553B /* Message.cpp in Sources */,
			);
			runOnlyForDeploymentPostprocessing = 0;
		};
/* End PBXSourcesBuildPhase section */

/* Begin XCBuildConfiguration section */
		EF965386283A17DF00051376 /* Debug */ = {
			isa = XCBuildConfiguration;
			buildSettings = {
				ALWAYS_SEARCH_USER_PATHS = NO;
				CLANG_ANALYZER_NONNULL = YES;
				CLANG_ANALYZER_NUMBER_OBJECT_CONVERSION = YES_AGGRESSIVE;
				CLANG_CXX_LANGUAGE_STANDARD = "gnu++17";
				CLANG_CXX_LIBRARY = "libc++";
				CLANG_ENABLE_MODULES = YES;
				CLANG_ENABLE_OBJC_ARC = YES;
				CLANG_ENABLE_OBJC_WEAK = YES;
				CLANG_WARN_BLOCK_CAPTURE_AUTORELEASING = YES;
				CLANG_WARN_BOOL_CONVERSION = YES;
				CLANG_WARN_COMMA = YES;
				CLANG_WARN_CONSTANT_CONVERSION = YES;
				CLANG_WARN_DEPRECATED_OBJC_IMPLEMENTATIONS = YES;
				CLANG_WARN_DIRECT_OBJC_ISA_USAGE = YES_ERROR;
				CLANG_WARN_DOCUMENTATION_COMMENTS = YES;
				CLANG_WARN_EMPTY_BODY = YES;
				CLANG_WARN_ENUM_CONVERSION = YES;
				CLANG_WARN_INFINITE_RECURSION = YES;
				CLANG_WARN_INT_CONVERSION = YES;
				CLANG_WARN_NON_LITERAL_NULL_CONVERSION = YES;
				CLANG_WARN_OBJC_IMPLICIT_RETAIN_SELF = YES;
				CLANG_WARN_OBJC_LITERAL_CONVERSION = YES;
				CLANG_WARN_OBJC_ROOT_CLASS = YES_ERROR;
				CLANG_WARN_QUOTED_INCLUDE_IN_FRAMEWORK_HEADER = YES;
				CLANG_WARN_RANGE_LOOP_ANALYSIS = YES;
				CLANG_WARN_STRICT_PROTOTYPES = YES;
				CLANG_WARN_SUSPICIOUS_MOVE = YES;
				CLANG_WARN_UNGUARDED_AVAILABILITY = YES_AGGRESSIVE;
				CLANG_WARN_UNREACHABLE_CODE = YES;
				CLANG_WARN__DUPLICATE_METHOD_MATCH = YES;
				COPY_PHASE_STRIP = NO;
				DEBUG_INFORMATION_FORMAT = dwarf;
				ENABLE_STRICT_OBJC_MSGSEND = YES;
				ENABLE_TESTABILITY = YES;
				GCC_C_LANGUAGE_STANDARD = gnu11;
				GCC_DYNAMIC_NO_PIC = NO;
				GCC_NO_COMMON_BLOCKS = YES;
				GCC_OPTIMIZATION_LEVEL = 0;
				GCC_PREPROCESSOR_DEFINITIONS = (
					"DEBUG=1",
					"$(inherited)",
				);
				GCC_WARN_64_TO_32_BIT_CONVERSION = YES;
				GCC_WARN_ABOUT_RETURN_TYPE = YES_ERROR;
				GCC_WARN_UNDECLARED_SELECTOR = YES;
				GCC_WARN_UNINITIALIZED_AUTOS = YES_AGGRESSIVE;
				GCC_WARN_UNUSED_FUNCTION = YES;
				GCC_WARN_UNUSED_VARIABLE = YES;
				MACOSX_DEPLOYMENT_TARGET = 11.6;
				MTL_ENABLE_DEBUG_INFO = INCLUDE_SOURCE;
				MTL_FAST_MATH = YES;
				ONLY_ACTIVE_ARCH = YES;
				SDKROOT = macosx;
			};
			name = Debug;
		};
		EF965387283A17DF00051376 /* Release */ = {
			isa = XCBuildConfiguration;
			buildSettings = {
				ALWAYS_SEARCH_USER_PATHS = NO;
				CLANG_ANALYZER_NONNULL = YES;
				CLANG_ANALYZER_NUMBER_OBJECT_CONVERSION = YES_AGGRESSIVE;
				CLANG_CXX_LANGUAGE_STANDARD = "gnu++17";
				CLANG_CXX_LIBRARY = "libc++";
				CLANG_ENABLE_MODULES = YES;
				CLANG_ENABLE_OBJC_ARC = YES;
				CLANG_ENABLE_OBJC_WEAK = YES;
				CLANG_WARN_BLOCK_CAPTURE_AUTORELEASING = YES;
				CLANG_WARN_BOOL_CONVERSION = YES;
				CLANG_WARN_COMMA = YES;
				CLANG_WARN_CONSTANT_CONVERSION = YES;
				CLANG_WARN_DEPRECATED_OBJC_IMPLEMENTATIONS = YES;
				CLANG_WARN_DIRECT_OBJC_ISA_USAGE = YES_ERROR;
				CLANG_WARN_DOCUMENTATION_COMMENTS = YES;
				CLANG_WARN_EMPTY_BODY = YES;
				CLANG_WARN_ENUM_CONVERSION = YES;
				CLANG_WARN_INFINITE_RECURSION = YES;
				CLANG_WARN_INT_CONVERSION = YES;
				CLANG_WARN_NON_LITERAL_NULL_CONVERSION = YES;
				CLANG_WARN_OBJC_IMPLICIT_RETAIN_SELF = YES;
				CLANG_WARN_OBJC_LITERAL_CONVERSION = YES;
				CLANG_WARN_OBJC_ROOT_CLASS = YES_ERROR;
				CLANG_WARN_QUOTED_INCLUDE_IN_FRAMEWORK_HEADER = YES;
				CLANG_WARN_RANGE_LOOP_ANALYSIS = YES;
				CLANG_WARN_STRICT_PROTOTYPES = YES;
				CLANG_WARN_SUSPICIOUS_MOVE = YES;
				CLANG_WARN_UNGUARDED_AVAILABILITY = YES_AGGRESSIVE;
				CLANG_WARN_UNREACHABLE_CODE = YES;
				CLANG_WARN__DUPLICATE_METHOD_MATCH = YES;
				COPY_PHASE_STRIP = NO;
				DEBUG_INFORMATION_FORMAT = "dwarf-with-dsym";
				ENABLE_NS_ASSERTIONS = NO;
				ENABLE_STRICT_OBJC_MSGSEND = YES;
				GCC_C_LANGUAGE_STANDARD = gnu11;
				GCC_NO_COMMON_BLOCKS = YES;
				GCC_WARN_64_TO_32_BIT_CONVERSION = YES;
				GCC_WARN_ABOUT_RETURN_TYPE = YES_ERROR;
				GCC_WARN_UNDECLARED_SELECTOR = YES;
				GCC_WARN_UNINITIALIZED_AUTOS = YES_AGGRESSIVE;
				GCC_WARN_UNUSED_FUNCTION = YES;
				GCC_WARN_UNUSED_VARIABLE = YES;
				MACOSX_DEPLOYMENT_TARGET = 11.6;
				MTL_ENABLE_DEBUG_INFO = NO;
				MTL_FAST_MATH = YES;
				SDKROOT = macosx;
			};
			name = Release;
		};
		EF965389283A17DF00051376 /* Debug */ = {
			isa = XCBuildConfiguration;
			buildSettings = {
				CODE_SIGN_STYLE = Automatic;
				DEVELOPMENT_TEAM = Q7R73AFLCA;
				ENABLE_HARDENED_RUNTIME = YES;
				PRODUCT_NAME = "$(TARGET_NAME)";
			};
			name = Debug;
		};
		EF96538A283A17DF00051376 /* Release */ = {
			isa = XCBuildConfiguration;
			buildSettings = {
				CODE_SIGN_STYLE = Automatic;
				DEVELOPMENT_TEAM = Q7R73AFLCA;
				ENABLE_HARDENED_RUNTIME = YES;
				PRODUCT_NAME = "$(TARGET_NAME)";
			};
			name = Release;
		};
/* End XCBuildConfiguration section */

/* Begin XCConfigurationList section */
		EF96537C283A17DF00051376 /* Build configuration list for PBXProject "cpp_primer" */ = {
			isa = XCConfigurationList;
			buildConfigurations = (
				EF965386283A17DF00051376 /* Debug */,
				EF965387283A17DF00051376 /* Release */,
			);
			defaultConfigurationIsVisible = 0;
			defaultConfigurationName = Release;
		};
		EF965388283A17DF00051376 /* Build configuration list for PBXNativeTarget "cpp_primer" */ = {
			isa = XCConfigurationList;
			buildConfigurations = (
				EF965389283A17DF00051376 /* Debug */,
				EF96538A283A17DF00051376 /* Release */,
			);
			defaultConfigurationIsVisible = 0;
			defaultConfigurationName = Release;
		};
/* End XCConfigurationList section */
	};
	rootObject = EF965379283A17DF00051376 /* Project object */;
}
